{
  "name": "nostr-sdk-react-native",
  "version": "0.0.0",
  "lockfileVersion": 3,
  "requires": true,
  "packages": {
    "": {
      "name": "nostr-sdk-react-native",
      "version": "0.0.0",
      "license": "UNLICENSED",
      "dependencies": {
        "uniffi-bindgen-react-native": "github:reyamir/uniffi-bindgen-react-native"
      }
    },
    "node_modules/uniffi-bindgen-react-native": {
      "version": "0.28.3-3",
      "resolved": "git+ssh://git@github.com/reyamir/uniffi-bindgen-react-native.git#d1ca38fd9f655a2415e30e606c010bdacd486365",
      "license": "MPL-2.0",
      "bin": {
        "ubrn": "bin/cli.cjs",
        "uniffi-bindgen-react-native": "bin/cli.cjs"
      }
    }
  }
}
